{
  "name": "1",
  "version": "1.0.0",
  "lockfileVersion": 3,
  "requires": true,
  "packages": {
    "": {
      "name": "1",
      "version": "1.0.0",
      "license": "ISC",
      "devDependencies": {
        "globals": "^15.3.0"
      }
    },
    "node_modules/globals": {
      "version": "15.3.0",
      "resolved": "https://registry.npmjs.org/globals/-/globals-15.3.0.tgz",
      "integrity": "sha512-cCdyVjIUVTtX8ZsPkq1oCsOsLmGIswqnjZYMJJTGaNApj1yHtLSymKhwH51ttirREn75z3p4k051clwg7rvNKA==",
      "dev": true,
      "engines": {
        "node": ">=18"
      },
      "funding": {
        "url": "https://github.com/sponsors/sindresorhus"
      }
    }
  }
}
